PODS:
  - Alamofire (4.7.1)
  - Cartography (3.0.1)
  - PKHUD (5.0.0)
  - RxCocoa (4.1.2):
    - RxSwift (~> 4.0)
  - RxSwift (4.1.2)

DEPENDENCIES:
  - Alamofire
  - Cartography
  - PKHUD
  - RxCocoa
  - RxSwift

SPEC REPOS:
  https://github.com/CocoaPods/Specs.git:
    - Alamofire
    - Cartography
    - PKHUD
    - RxCocoa
    - RxSwift

SPEC CHECKSUMS:
  Alamofire: 68d7d521118d49c615a8d2214d87cdf525599d30
  Cartography: f8c899bb0f5cf20758644a8eea59a75e98a03a5d
  PKHUD: 3c001512c6e002091184197a8de7a20420786e3b
  RxCocoa: d88ba0f1f6abf040011a9eb4b539324fc426843a
  RxSwift: e49536837d9901277638493ea537394d4b55f570

PODFILE CHECKSUM: 14c72d88db03d24cdd39799fa75cbdda0e45a972

COCOAPODS: 1.5.0
