// !$*UTF8*$!
{
	archiveVersion = 1;
	classes = {
	};
	objectVersion = 48;
	objects = {

/* Begin PBXBuildFile section */
		551E27F020738C2C00A6561C /* UIView+extension.swift in Sources */ = {isa = PBXBuildFile; fileRef = 551E27EF20738C2C00A6561C /* UIView+extension.swift */; };
		551E27F220738CDD00A6561C /* UIViewController+extension.swift in Sources */ = {isa = PBXBuildFile; fileRef = 551E27F120738CDD00A6561C /* UIViewController+extension.swift */; };
		551E27F420738F2500A6561C /* PTTitleScroller.swift in Sources */ = {isa = PBXBuildFile; fileRef = 551E27F320738F2500A6561C /* PTTitleScroller.swift */; };
		551E27F7207391C000A6561C /* PTTitleScrollerCollectionView.swift in Sources */ = {isa = PBXBuildFile; fileRef = 551E27F6207391C000A6561C /* PTTitleScrollerCollectionView.swift */; };
		551E27F9207391E600A6561C /* PTTitleScrollerCell.swift in Sources */ = {isa = PBXBuildFile; fileRef = 551E27F8207391E600A6561C /* PTTitleScrollerCell.swift */; };
		5544AFF9206A21B10073F5FF /* PTLoginViewController.swift in Sources */ = {isa = PBXBuildFile; fileRef = 5544AFF8206A21B10073F5FF /* PTLoginViewController.swift */; };
		5544B002206A22F80073F5FF /* PTLoginModel.swift in Sources */ = {isa = PBXBuildFile; fileRef = 5544B001206A22F80073F5FF /* PTLoginModel.swift */; };
		5544B004206A23070073F5FF /* PTLoginViewModel.swift in Sources */ = {isa = PBXBuildFile; fileRef = 5544B003206A23070073F5FF /* PTLoginViewModel.swift */; };
		5544B024206A30D90073F5FF /* PTBaseTableViewController.swift in Sources */ = {isa = PBXBuildFile; fileRef = 5544B01D206A30D80073F5FF /* PTBaseTableViewController.swift */; };
		5544B025206A30D90073F5FF /* PTTabBarController.swift in Sources */ = {isa = PBXBuildFile; fileRef = 5544B01E206A30D80073F5FF /* PTTabBarController.swift */; };
		5544B026206A30D90073F5FF /* PTPhoneTextField.swift in Sources */ = {isa = PBXBuildFile; fileRef = 5544B01F206A30D80073F5FF /* PTPhoneTextField.swift */; };
		5544B027206A30D90073F5FF /* PTBaseXibViewController.swift in Sources */ = {isa = PBXBuildFile; fileRef = 5544B020206A30D80073F5FF /* PTBaseXibViewController.swift */; };
		5544B028206A30D90073F5FF /* PTHUD.swift in Sources */ = {isa = PBXBuildFile; fileRef = 5544B021206A30D90073F5FF /* PTHUD.swift */; };
		5544B029206A30D90073F5FF /* PTCaptchaButton.swift in Sources */ = {isa = PBXBuildFile; fileRef = 5544B022206A30D90073F5FF /* PTCaptchaButton.swift */; };
		5544B02A206A30D90073F5FF /* PTBankCardTextField.swift in Sources */ = {isa = PBXBuildFile; fileRef = 5544B023206A30D90073F5FF /* PTBankCardTextField.swift */; };
		5544B02D206A30FC0073F5FF /* Const.swift in Sources */ = {isa = PBXBuildFile; fileRef = 5544B02B206A30FC0073F5FF /* Const.swift */; };
		5544B02E206A30FC0073F5FF /* Config.swift in Sources */ = {isa = PBXBuildFile; fileRef = 5544B02C206A30FC0073F5FF /* Config.swift */; };
		5544B032206A323C0073F5FF /* PTMsgLabel.swift in Sources */ = {isa = PBXBuildFile; fileRef = 5544B031206A323C0073F5FF /* PTMsgLabel.swift */; };
		5544B034206A35570073F5FF /* UIColor+extension.swift in Sources */ = {isa = PBXBuildFile; fileRef = 5544B033206A35570073F5FF /* UIColor+extension.swift */; };
		5544B038206A3EA10073F5FF /* readme.txt in Resources */ = {isa = PBXBuildFile; fileRef = 5544B037206A3EA10073F5FF /* readme.txt */; };
		5544B03D206A41960073F5FF /* PTOCReference.swift in Sources */ = {isa = PBXBuildFile; fileRef = 5544B03C206A41960073F5FF /* PTOCReference.swift */; };
		5553327F206B313E00F91354 /* PTBaseViewController.swift in Sources */ = {isa = PBXBuildFile; fileRef = 5553327E206B313E00F91354 /* PTBaseViewController.swift */; };
		55533287206B812D00F91354 /* khowledge.txt in Resources */ = {isa = PBXBuildFile; fileRef = 55533286206B812D00F91354 /* khowledge.txt */; };
		5553328B206B84A600F91354 /* PTGuideViewController.swift in Sources */ = {isa = PBXBuildFile; fileRef = 5553328A206B84A600F91354 /* PTGuideViewController.swift */; };
		55533295206B84F900F91354 /* guideImage1@2x.png in Resources */ = {isa = PBXBuildFile; fileRef = 5553328F206B84F900F91354 /* guideImage1@2x.png */; };
		55533296206B84F900F91354 /* guideImage1@3x.png in Resources */ = {isa = PBXBuildFile; fileRef = 55533290206B84F900F91354 /* guideImage1@3x.png */; };
		55533297206B84F900F91354 /* guideImage2@2x.png in Resources */ = {isa = PBXBuildFile; fileRef = 55533291206B84F900F91354 /* guideImage2@2x.png */; };
		55533298206B84F900F91354 /* guideImage2@3x.png in Resources */ = {isa = PBXBuildFile; fileRef = 55533292206B84F900F91354 /* guideImage2@3x.png */; };
		555431BC206DD27100CC2CC0 /* PTError.swift in Sources */ = {isa = PBXBuildFile; fileRef = 555431BB206DD27100CC2CC0 /* PTError.swift */; };
		555431C3206E1F2400CC2CC0 /* PTFunction.swift in Sources */ = {isa = PBXBuildFile; fileRef = 555431C2206E1F2400CC2CC0 /* PTFunction.swift */; };
		555B8F6D2071C4C2008646B5 /* NSObject+extention.swift in Sources */ = {isa = PBXBuildFile; fileRef = 555B8F6C2071C4C2008646B5 /* NSObject+extention.swift */; };
		555B8F792071DF63008646B5 /* demo.css in Resources */ = {isa = PBXBuildFile; fileRef = 555B8F722071DF63008646B5 /* demo.css */; };
		555B8F7A2071DF63008646B5 /* iconfont.woff in Resources */ = {isa = PBXBuildFile; fileRef = 555B8F732071DF63008646B5 /* iconfont.woff */; };
		555B8F7B2071DF63008646B5 /* iconfont.eot in Resources */ = {isa = PBXBuildFile; fileRef = 555B8F742071DF63008646B5 /* iconfont.eot */; };
		555B8F7C2071DF63008646B5 /* iconfont.ttf in Resources */ = {isa = PBXBuildFile; fileRef = 555B8F752071DF63008646B5 /* iconfont.ttf */; };
		555B8F7D2071DF63008646B5 /* iconfont.svg in Resources */ = {isa = PBXBuildFile; fileRef = 555B8F762071DF63008646B5 /* iconfont.svg */; };
		555B8F7E2071DF63008646B5 /* demo.html in Resources */ = {isa = PBXBuildFile; fileRef = 555B8F772071DF63008646B5 /* demo.html */; };
		555B8F7F2071DF63008646B5 /* iconfont.css in Resources */ = {isa = PBXBuildFile; fileRef = 555B8F782071DF63008646B5 /* iconfont.css */; };
		555B8F832071E09C008646B5 /* UIImage+extension.swift in Sources */ = {isa = PBXBuildFile; fileRef = 555B8F802071E09C008646B5 /* UIImage+extension.swift */; };
		555B8F842071E09C008646B5 /* UIFont+extension.swift in Sources */ = {isa = PBXBuildFile; fileRef = 555B8F812071E09C008646B5 /* UIFont+extension.swift */; };
		555B8F852071E09C008646B5 /* String+extension.swift in Sources */ = {isa = PBXBuildFile; fileRef = 555B8F822071E09C008646B5 /* String+extension.swift */; };
		555B8F8A207201ED008646B5 /* PTHomeViewController.swift in Sources */ = {isa = PBXBuildFile; fileRef = 555B8F89207201ED008646B5 /* PTHomeViewController.swift */; };
		555B8F8C207201F8008646B5 /* PTOtherViewController.swift in Sources */ = {isa = PBXBuildFile; fileRef = 555B8F8B207201F8008646B5 /* PTOtherViewController.swift */; };
		555B8F8E20720202008646B5 /* PTMyViewController.swift in Sources */ = {isa = PBXBuildFile; fileRef = 555B8F8D20720202008646B5 /* PTMyViewController.swift */; };
		555CBDFD206CD3E700DECE85 /* PTTest.swift in Sources */ = {isa = PBXBuildFile; fileRef = 555CBDFC206CD3E700DECE85 /* PTTest.swift */; };
		555CBDFF206CD45E00DECE85 /* Array+extension.swift in Sources */ = {isa = PBXBuildFile; fileRef = 555CBDFE206CD45E00DECE85 /* Array+extension.swift */; };
		555D7BCE2068A80B0096CB50 /* PTModel.swift in Sources */ = {isa = PBXBuildFile; fileRef = 555D7BCD2068A80B0096CB50 /* PTModel.swift */; };
		5566E9332062697300600B3E /* AppDelegate.swift in Sources */ = {isa = PBXBuildFile; fileRef = 5566E9322062697300600B3E /* AppDelegate.swift */; };
		5566E9352062697300600B3E /* ViewController.swift in Sources */ = {isa = PBXBuildFile; fileRef = 5566E9342062697300600B3E /* ViewController.swift */; };
		5566E9382062697300600B3E /* Main.storyboard in Resources */ = {isa = PBXBuildFile; fileRef = 5566E9362062697300600B3E /* Main.storyboard */; };
		5566E93A2062697300600B3E /* Assets.xcassets in Resources */ = {isa = PBXBuildFile; fileRef = 5566E9392062697300600B3E /* Assets.xcassets */; };
		5566E93D2062697300600B3E /* LaunchScreen.storyboard in Resources */ = {isa = PBXBuildFile; fileRef = 5566E93B2062697300600B3E /* LaunchScreen.storyboard */; };
		5566E9482062697300600B3E /* PromoteTests.swift in Sources */ = {isa = PBXBuildFile; fileRef = 5566E9472062697300600B3E /* PromoteTests.swift */; };
		5566E9532062697300600B3E /* PromoteUITests.swift in Sources */ = {isa = PBXBuildFile; fileRef = 5566E9522062697300600B3E /* PromoteUITests.swift */; };
		5566E97B2063561400600B3E /* PromoteProtocol+UIView.swift in Sources */ = {isa = PBXBuildFile; fileRef = 5566E9772063561400600B3E /* PromoteProtocol+UIView.swift */; };
		5566E97C2063561400600B3E /* PTAnimateProtocol.swift in Sources */ = {isa = PBXBuildFile; fileRef = 5566E9792063561400600B3E /* PTAnimateProtocol.swift */; };
		5566E97D2063561400600B3E /* PTBaseProtocol.swift in Sources */ = {isa = PBXBuildFile; fileRef = 5566E97A2063561400600B3E /* PTBaseProtocol.swift */; };
		767136200FA60C11095575BA /* Pods_Promote.framework in Frameworks */ = {isa = PBXBuildFile; fileRef = 83752A35956096D0988FEE6E /* Pods_Promote.framework */; };
/* End PBXBuildFile section */

/* Begin PBXContainerItemProxy section */
		5566E9442062697300600B3E /* PBXContainerItemProxy */ = {
			isa = PBXContainerItemProxy;
			containerPortal = 5566E9272062697300600B3E /* Project object */;
			proxyType = 1;
			remoteGlobalIDString = 5566E92E2062697300600B3E;
			remoteInfo = Promote;
		};
		5566E94F2062697300600B3E /* PBXContainerItemProxy */ = {
			isa = PBXContainerItemProxy;
			containerPortal = 5566E9272062697300600B3E /* Project object */;
			proxyType = 1;
			remoteGlobalIDString = 5566E92E2062697300600B3E;
			remoteInfo = Promote;
		};
/* End PBXContainerItemProxy section */

/* Begin PBXFileReference section */
		16548E874A993B320761E239 /* Pods-Promote.debug.xcconfig */ = {isa = PBXFileReference; includeInIndex = 1; lastKnownFileType = text.xcconfig; name = "Pods-Promote.debug.xcconfig"; path = "Pods/Target Support Files/Pods-Promote/Pods-Promote.debug.xcconfig"; sourceTree = "<group>"; };
		551E27EF20738C2C00A6561C /* UIView+extension.swift */ = {isa = PBXFileReference; fileEncoding = 4; lastKnownFileType = sourcecode.swift; path = "UIView+extension.swift"; sourceTree = "<group>"; };
		551E27F120738CDD00A6561C /* UIViewController+extension.swift */ = {isa = PBXFileReference; fileEncoding = 4; lastKnownFileType = sourcecode.swift; path = "UIViewController+extension.swift"; sourceTree = "<group>"; };
		551E27F320738F2500A6561C /* PTTitleScroller.swift */ = {isa = PBXFileReference; lastKnownFileType = sourcecode.swift; path = PTTitleScroller.swift; sourceTree = "<group>"; };
		551E27F6207391C000A6561C /* PTTitleScrollerCollectionView.swift */ = {isa = PBXFileReference; lastKnownFileType = sourcecode.swift; path = PTTitleScrollerCollectionView.swift; sourceTree = "<group>"; };
		551E27F8207391E600A6561C /* PTTitleScrollerCell.swift */ = {isa = PBXFileReference; lastKnownFileType = sourcecode.swift; path = PTTitleScrollerCell.swift; sourceTree = "<group>"; };
		5544AFF8206A21B10073F5FF /* PTLoginViewController.swift */ = {isa = PBXFileReference; lastKnownFileType = sourcecode.swift; path = PTLoginViewController.swift; sourceTree = "<group>"; };
		5544B001206A22F80073F5FF /* PTLoginModel.swift */ = {isa = PBXFileReference; lastKnownFileType = sourcecode.swift; path = PTLoginModel.swift; sourceTree = "<group>"; };
		5544B003206A23070073F5FF /* PTLoginViewModel.swift */ = {isa = PBXFileReference; lastKnownFileType = sourcecode.swift; path = PTLoginViewModel.swift; sourceTree = "<group>"; };
		5544B01D206A30D80073F5FF /* PTBaseTableViewController.swift */ = {isa = PBXFileReference; fileEncoding = 4; lastKnownFileType = sourcecode.swift; path = PTBaseTableViewController.swift; sourceTree = "<group>"; };
		5544B01E206A30D80073F5FF /* PTTabBarController.swift */ = {isa = PBXFileReference; fileEncoding = 4; lastKnownFileType = sourcecode.swift; path = PTTabBarController.swift; sourceTree = "<group>"; };
		5544B01F206A30D80073F5FF /* PTPhoneTextField.swift */ = {isa = PBXFileReference; fileEncoding = 4; lastKnownFileType = sourcecode.swift; path = PTPhoneTextField.swift; sourceTree = "<group>"; };
		5544B020206A30D80073F5FF /* PTBaseXibViewController.swift */ = {isa = PBXFileReference; fileEncoding = 4; lastKnownFileType = sourcecode.swift; path = PTBaseXibViewController.swift; sourceTree = "<group>"; };
		5544B021206A30D90073F5FF /* PTHUD.swift */ = {isa = PBXFileReference; fileEncoding = 4; lastKnownFileType = sourcecode.swift; path = PTHUD.swift; sourceTree = "<group>"; };
		5544B022206A30D90073F5FF /* PTCaptchaButton.swift */ = {isa = PBXFileReference; fileEncoding = 4; lastKnownFileType = sourcecode.swift; path = PTCaptchaButton.swift; sourceTree = "<group>"; };
		5544B023206A30D90073F5FF /* PTBankCardTextField.swift */ = {isa = PBXFileReference; fileEncoding = 4; lastKnownFileType = sourcecode.swift; path = PTBankCardTextField.swift; sourceTree = "<group>"; };
		5544B02B206A30FC0073F5FF /* Const.swift */ = {isa = PBXFileReference; fileEncoding = 4; lastKnownFileType = sourcecode.swift; path = Const.swift; sourceTree = "<group>"; };
		5544B02C206A30FC0073F5FF /* Config.swift */ = {isa = PBXFileReference; fileEncoding = 4; lastKnownFileType = sourcecode.swift; path = Config.swift; sourceTree = "<group>"; };
		5544B031206A323C0073F5FF /* PTMsgLabel.swift */ = {isa = PBXFileReference; fileEncoding = 4; lastKnownFileType = sourcecode.swift; path = PTMsgLabel.swift; sourceTree = "<group>"; };
		5544B033206A35570073F5FF /* UIColor+extension.swift */ = {isa = PBXFileReference; lastKnownFileType = sourcecode.swift; path = "UIColor+extension.swift"; sourceTree = "<group>"; };
		5544B037206A3EA10073F5FF /* readme.txt */ = {isa = PBXFileReference; lastKnownFileType = text; path = readme.txt; sourceTree = "<group>"; };
		5544B03C206A41960073F5FF /* PTOCReference.swift */ = {isa = PBXFileReference; lastKnownFileType = sourcecode.swift; path = PTOCReference.swift; sourceTree = "<group>"; };
		5553327E206B313E00F91354 /* PTBaseViewController.swift */ = {isa = PBXFileReference; lastKnownFileType = sourcecode.swift; path = PTBaseViewController.swift; sourceTree = "<group>"; };
		55533286206B812D00F91354 /* khowledge.txt */ = {isa = PBXFileReference; lastKnownFileType = text; path = khowledge.txt; sourceTree = "<group>"; };
		5553328A206B84A600F91354 /* PTGuideViewController.swift */ = {isa = PBXFileReference; fileEncoding = 4; lastKnownFileType = sourcecode.swift; path = PTGuideViewController.swift; sourceTree = "<group>"; };
		5553328F206B84F900F91354 /* guideImage1@2x.png */ = {isa = PBXFileReference; lastKnownFileType = image.png; path = "guideImage1@2x.png"; sourceTree = "<group>"; };
		55533290206B84F900F91354 /* guideImage1@3x.png */ = {isa = PBXFileReference; lastKnownFileType = image.png; path = "guideImage1@3x.png"; sourceTree = "<group>"; };
		55533291206B84F900F91354 /* guideImage2@2x.png */ = {isa = PBXFileReference; lastKnownFileType = image.png; path = "guideImage2@2x.png"; sourceTree = "<group>"; };
		55533292206B84F900F91354 /* guideImage2@3x.png */ = {isa = PBXFileReference; lastKnownFileType = image.png; path = "guideImage2@3x.png"; sourceTree = "<group>"; };
		555431BB206DD27100CC2CC0 /* PTError.swift */ = {isa = PBXFileReference; lastKnownFileType = sourcecode.swift; path = PTError.swift; sourceTree = "<group>"; };
		555431C2206E1F2400CC2CC0 /* PTFunction.swift */ = {isa = PBXFileReference; lastKnownFileType = sourcecode.swift; path = PTFunction.swift; sourceTree = "<group>"; };
		555B8F6C2071C4C2008646B5 /* NSObject+extention.swift */ = {isa = PBXFileReference; lastKnownFileType = sourcecode.swift; path = "NSObject+extention.swift"; sourceTree = "<group>"; };
		555B8F722071DF63008646B5 /* demo.css */ = {isa = PBXFileReference; fileEncoding = 4; lastKnownFileType = text.css; path = demo.css; sourceTree = "<group>"; };
		555B8F732071DF63008646B5 /* iconfont.woff */ = {isa = PBXFileReference; lastKnownFileType = file; path = iconfont.woff; sourceTree = "<group>"; };
		555B8F742071DF63008646B5 /* iconfont.eot */ = {isa = PBXFileReference; lastKnownFileType = file; path = iconfont.eot; sourceTree = "<group>"; };
		555B8F752071DF63008646B5 /* iconfont.ttf */ = {isa = PBXFileReference; lastKnownFileType = file; path = iconfont.ttf; sourceTree = "<group>"; };
		555B8F762071DF63008646B5 /* iconfont.svg */ = {isa = PBXFileReference; fileEncoding = 4; lastKnownFileType = text.xml; path = iconfont.svg; sourceTree = "<group>"; };
		555B8F772071DF63008646B5 /* demo.html */ = {isa = PBXFileReference; fileEncoding = 4; lastKnownFileType = text.html; path = demo.html; sourceTree = "<group>"; };
		555B8F782071DF63008646B5 /* iconfont.css */ = {isa = PBXFileReference; fileEncoding = 4; lastKnownFileType = text.css; path = iconfont.css; sourceTree = "<group>"; };
		555B8F802071E09C008646B5 /* UIImage+extension.swift */ = {isa = PBXFileReference; fileEncoding = 4; lastKnownFileType = sourcecode.swift; path = "UIImage+extension.swift"; sourceTree = "<group>"; };
		555B8F812071E09C008646B5 /* UIFont+extension.swift */ = {isa = PBXFileReference; fileEncoding = 4; lastKnownFileType = sourcecode.swift; path = "UIFont+extension.swift"; sourceTree = "<group>"; };
		555B8F822071E09C008646B5 /* String+extension.swift */ = {isa = PBXFileReference; fileEncoding = 4; lastKnownFileType = sourcecode.swift; name = "String+extension.swift"; path = "../../../../../所有项目/夸时贷/KSDSVN的 16-12-5的 swift3 OK/QTimelyLoan/QTimelyLoan/Extension/String+extension.swift"; sourceTree = "<group>"; };
		555B8F89207201ED008646B5 /* PTHomeViewController.swift */ = {isa = PBXFileReference; lastKnownFileType = sourcecode.swift; path = PTHomeViewController.swift; sourceTree = "<group>"; };
		555B8F8B207201F8008646B5 /* PTOtherViewController.swift */ = {isa = PBXFileReference; lastKnownFileType = sourcecode.swift; path = PTOtherViewController.swift; sourceTree = "<group>"; };
		555B8F8D20720202008646B5 /* PTMyViewController.swift */ = {isa = PBXFileReference; lastKnownFileType = sourcecode.swift; path = PTMyViewController.swift; sourceTree = "<group>"; };
		555CBDFC206CD3E700DECE85 /* PTTest.swift */ = {isa = PBXFileReference; lastKnownFileType = sourcecode.swift; path = PTTest.swift; sourceTree = "<group>"; };
		555CBDFE206CD45E00DECE85 /* Array+extension.swift */ = {isa = PBXFileReference; lastKnownFileType = sourcecode.swift; path = "Array+extension.swift"; sourceTree = "<group>"; };
		555D7BCD2068A80B0096CB50 /* PTModel.swift */ = {isa = PBXFileReference; lastKnownFileType = sourcecode.swift; path = PTModel.swift; sourceTree = "<group>"; };
		5566E92F2062697300600B3E /* Promote.app */ = {isa = PBXFileReference; explicitFileType = wrapper.application; includeInIndex = 0; path = Promote.app; sourceTree = BUILT_PRODUCTS_DIR; };
		5566E9322062697300600B3E /* AppDelegate.swift */ = {isa = PBXFileReference; lastKnownFileType = sourcecode.swift; path = AppDelegate.swift; sourceTree = "<group>"; };
		5566E9342062697300600B3E /* ViewController.swift */ = {isa = PBXFileReference; lastKnownFileType = sourcecode.swift; path = ViewController.swift; sourceTree = "<group>"; };
		5566E9372062697300600B3E /* Base */ = {isa = PBXFileReference; lastKnownFileType = file.storyboard; name = Base; path = Base.lproj/Main.storyboard; sourceTree = "<group>"; };
		5566E9392062697300600B3E /* Assets.xcassets */ = {isa = PBXFileReference; lastKnownFileType = folder.assetcatalog; path = Assets.xcassets; sourceTree = "<group>"; };
		5566E93C2062697300600B3E /* Base */ = {isa = PBXFileReference; lastKnownFileType = file.storyboard; name = Base; path = Base.lproj/LaunchScreen.storyboard; sourceTree = "<group>"; };
		5566E93E2062697300600B3E /* Info.plist */ = {isa = PBXFileReference; lastKnownFileType = text.plist.xml; path = Info.plist; sourceTree = "<group>"; };
		5566E9432062697300600B3E /* PromoteTests.xctest */ = {isa = PBXFileReference; explicitFileType = wrapper.cfbundle; includeInIndex = 0; path = PromoteTests.xctest; sourceTree = BUILT_PRODUCTS_DIR; };
		5566E9472062697300600B3E /* PromoteTests.swift */ = {isa = PBXFileReference; lastKnownFileType = sourcecode.swift; path = PromoteTests.swift; sourceTree = "<group>"; };
		5566E9492062697300600B3E /* Info.plist */ = {isa = PBXFileReference; lastKnownFileType = text.plist.xml; path = Info.plist; sourceTree = "<group>"; };
		5566E94E2062697300600B3E /* PromoteUITests.xctest */ = {isa = PBXFileReference; explicitFileType = wrapper.cfbundle; includeInIndex = 0; path = PromoteUITests.xctest; sourceTree = BUILT_PRODUCTS_DIR; };
		5566E9522062697300600B3E /* PromoteUITests.swift */ = {isa = PBXFileReference; lastKnownFileType = sourcecode.swift; path = PromoteUITests.swift; sourceTree = "<group>"; };
		5566E9542062697300600B3E /* Info.plist */ = {isa = PBXFileReference; lastKnownFileType = text.plist.xml; path = Info.plist; sourceTree = "<group>"; };
		5566E9772063561400600B3E /* PromoteProtocol+UIView.swift */ = {isa = PBXFileReference; fileEncoding = 4; lastKnownFileType = sourcecode.swift; path = "PromoteProtocol+UIView.swift"; sourceTree = "<group>"; };
		5566E9792063561400600B3E /* PTAnimateProtocol.swift */ = {isa = PBXFileReference; fileEncoding = 4; lastKnownFileType = sourcecode.swift; path = PTAnimateProtocol.swift; sourceTree = "<group>"; };
		5566E97A2063561400600B3E /* PTBaseProtocol.swift */ = {isa = PBXFileReference; fileEncoding = 4; lastKnownFileType = sourcecode.swift; path = PTBaseProtocol.swift; sourceTree = "<group>"; };
		6DF8CD81D3906EAFFA53AD2A /* Pods-Promote.release.xcconfig */ = {isa = PBXFileReference; includeInIndex = 1; lastKnownFileType = text.xcconfig; name = "Pods-Promote.release.xcconfig"; path = "Pods/Target Support Files/Pods-Promote/Pods-Promote.release.xcconfig"; sourceTree = "<group>"; };
		83752A35956096D0988FEE6E /* Pods_Promote.framework */ = {isa = PBXFileReference; explicitFileType = wrapper.framework; includeInIndex = 0; path = Pods_Promote.framework; sourceTree = BUILT_PRODUCTS_DIR; };
/* End PBXFileReference section */

/* Begin PBXFrameworksBuildPhase section */
		5566E92C2062697300600B3E /* Frameworks */ = {
			isa = PBXFrameworksBuildPhase;
			buildActionMask = 2147483647;
			files = (
				767136200FA60C11095575BA /* Pods_Promote.framework in Frameworks */,
			);
			runOnlyForDeploymentPostprocessing = 0;
		};
		5566E9402062697300600B3E /* Frameworks */ = {
			isa = PBXFrameworksBuildPhase;
			buildActionMask = 2147483647;
			files = (
			);
			runOnlyForDeploymentPostprocessing = 0;
		};
		5566E94B2062697300600B3E /* Frameworks */ = {
			isa = PBXFrameworksBuildPhase;
			buildActionMask = 2147483647;
			files = (
			);
			runOnlyForDeploymentPostprocessing = 0;
		};
/* End PBXFrameworksBuildPhase section */

/* Begin PBXGroup section */
		551E27F52073919800A6561C /* TitleScroller */ = {
			isa = PBXGroup;
			children = (
				551E27F320738F2500A6561C /* PTTitleScroller.swift */,
				551E27F6207391C000A6561C /* PTTitleScrollerCollectionView.swift */,
				551E27F8207391E600A6561C /* PTTitleScrollerCell.swift */,
			);
			path = TitleScroller;
			sourceTree = "<group>";
		};
		5544AFF7206A21950073F5FF /* Login&Regist */ = {
			isa = PBXGroup;
			children = (
				5544AFFA206A21DA0073F5FF /* Login */,
				5544AFFB206A21DA0073F5FF /* Regist */,
			);
			path = "Login&Regist";
			sourceTree = "<group>";
		};
		5544AFFA206A21DA0073F5FF /* Login */ = {
			isa = PBXGroup;
			children = (
				5544AFFE206A221C0073F5FF /* Model */,
				5544AFFC206A221C0073F5FF /* View */,
				5544AFFD206A221C0073F5FF /* ViewModel */,
			);
			path = Login;
			sourceTree = "<group>";
		};
		5544AFFB206A21DA0073F5FF /* Regist */ = {
			isa = PBXGroup;
			children = (
			);
			path = Regist;
			sourceTree = "<group>";
		};
		5544AFFC206A221C0073F5FF /* View */ = {
			isa = PBXGroup;
			children = (
				5544AFFF206A22D70073F5FF /* Controller */,
				5544B000206A22D70073F5FF /* View */,
			);
			path = View;
			sourceTree = "<group>";
		};
		5544AFFD206A221C0073F5FF /* ViewModel */ = {
			isa = PBXGroup;
			children = (
				5544B003206A23070073F5FF /* PTLoginViewModel.swift */,
			);
			path = ViewModel;
			sourceTree = "<group>";
		};
		5544AFFE206A221C0073F5FF /* Model */ = {
			isa = PBXGroup;
			children = (
				5544B001206A22F80073F5FF /* PTLoginModel.swift */,
			);
			path = Model;
			sourceTree = "<group>";
		};
		5544AFFF206A22D70073F5FF /* Controller */ = {
			isa = PBXGroup;
			children = (
				5544AFF8206A21B10073F5FF /* PTLoginViewController.swift */,
			);
			path = Controller;
			sourceTree = "<group>";
		};
		5544B000206A22D70073F5FF /* View */ = {
			isa = PBXGroup;
			children = (
			);
			path = View;
			sourceTree = "<group>";
		};
		5544B005206A2C060073F5FF /* Tools */ = {
			isa = PBXGroup;
			children = (
				551E27F52073919800A6561C /* TitleScroller */,
				555431BB206DD27100CC2CC0 /* PTError.swift */,
				5544B021206A30D90073F5FF /* PTHUD.swift */,
				555431C2206E1F2400CC2CC0 /* PTFunction.swift */,
				5544B031206A323C0073F5FF /* PTMsgLabel.swift */,
				5544B022206A30D90073F5FF /* PTCaptchaButton.swift */,
				5544B01F206A30D80073F5FF /* PTPhoneTextField.swift */,
				5544B023206A30D90073F5FF /* PTBankCardTextField.swift */,
				5544B01E206A30D80073F5FF /* PTTabBarController.swift */,
				5553327E206B313E00F91354 /* PTBaseViewController.swift */,
				5544B020206A30D80073F5FF /* PTBaseXibViewController.swift */,
				5544B01D206A30D80073F5FF /* PTBaseTableViewController.swift */,
			);
			path = Tools;
			sourceTree = "<group>";
		};
		5544B006206A2C160073F5FF /* Config */ = {
			isa = PBXGroup;
			children = (
				5544B02C206A30FC0073F5FF /* Config.swift */,
				5544B02B206A30FC0073F5FF /* Const.swift */,
				5544B03C206A41960073F5FF /* PTOCReference.swift */,
			);
			path = Config;
			sourceTree = "<group>";
		};
		55533288206B848200F91354 /* Mudules */ = {
			isa = PBXGroup;
			children = (
				555B8F86207201A6008646B5 /* Home */,
				555B8F88207201C8008646B5 /* Other */,
				555B8F87207201C8008646B5 /* My */,
				55533289206B849F00F91354 /* Guide */,
				5544AFF7206A21950073F5FF /* Login&Regist */,
			);
			path = Mudules;
			sourceTree = "<group>";
		};
		55533289206B849F00F91354 /* Guide */ = {
			isa = PBXGroup;
			children = (
				5553328A206B84A600F91354 /* PTGuideViewController.swift */,
			);
			path = Guide;
			sourceTree = "<group>";
		};
		5553328C206B84D400F91354 /* Resources */ = {
			isa = PBXGroup;
			children = (
				555B8F712071DF63008646B5 /* IconfontResource */,
				5553328D206B84E500F91354 /* GuideImage */,
			);
			path = Resources;
			sourceTree = "<group>";
		};
		5553328D206B84E500F91354 /* GuideImage */ = {
			isa = PBXGroup;
			children = (
				5553328F206B84F900F91354 /* guideImage1@2x.png */,
				55533290206B84F900F91354 /* guideImage1@3x.png */,
				55533291206B84F900F91354 /* guideImage2@2x.png */,
				55533292206B84F900F91354 /* guideImage2@3x.png */,
			);
			path = GuideImage;
			sourceTree = "<group>";
		};
		555B8F712071DF63008646B5 /* IconfontResource */ = {
			isa = PBXGroup;
			children = (
				555B8F722071DF63008646B5 /* demo.css */,
				555B8F732071DF63008646B5 /* iconfont.woff */,
				555B8F742071DF63008646B5 /* iconfont.eot */,
				555B8F752071DF63008646B5 /* iconfont.ttf */,
				555B8F762071DF63008646B5 /* iconfont.svg */,
				555B8F772071DF63008646B5 /* demo.html */,
				555B8F782071DF63008646B5 /* iconfont.css */,
			);
			path = IconfontResource;
			sourceTree = "<group>";
		};
		555B8F86207201A6008646B5 /* Home */ = {
			isa = PBXGroup;
			children = (
				555B8F89207201ED008646B5 /* PTHomeViewController.swift */,
			);
			path = Home;
			sourceTree = "<group>";
		};
		555B8F87207201C8008646B5 /* My */ = {
			isa = PBXGroup;
			children = (
				555B8F8D20720202008646B5 /* PTMyViewController.swift */,
			);
			path = My;
			sourceTree = "<group>";
		};
		555B8F88207201C8008646B5 /* Other */ = {
			isa = PBXGroup;
			children = (
				555B8F8B207201F8008646B5 /* PTOtherViewController.swift */,
			);
			path = Other;
			sourceTree = "<group>";
		};
		5566E9262062697300600B3E = {
			isa = PBXGroup;
			children = (
				5566E9312062697300600B3E /* Promote */,
				5566E9462062697300600B3E /* PromoteTests */,
				5566E9512062697300600B3E /* PromoteUITests */,
				5566E9302062697300600B3E /* Products */,
				7CA4E542C9F99EF773FF99D7 /* Pods */,
				5C16458AB298E91F70595C23 /* Frameworks */,
			);
			sourceTree = "<group>";
		};
		5566E9302062697300600B3E /* Products */ = {
			isa = PBXGroup;
			children = (
				5566E92F2062697300600B3E /* Promote.app */,
				5566E9432062697300600B3E /* PromoteTests.xctest */,
				5566E94E2062697300600B3E /* PromoteUITests.xctest */,
			);
			name = Products;
			sourceTree = "<group>";
		};
		5566E9312062697300600B3E /* Promote */ = {
			isa = PBXGroup;
			children = (
				5553328C206B84D400F91354 /* Resources */,
				5566E9322062697300600B3E /* AppDelegate.swift */,
				5566E9342062697300600B3E /* ViewController.swift */,
				555D7BCD2068A80B0096CB50 /* PTModel.swift */,
				555CBDFC206CD3E700DECE85 /* PTTest.swift */,
				5566E9362062697300600B3E /* Main.storyboard */,
				5566E9392062697300600B3E /* Assets.xcassets */,
				5566E93B2062697300600B3E /* LaunchScreen.storyboard */,
				5566E93E2062697300600B3E /* Info.plist */,
				55533286206B812D00F91354 /* khowledge.txt */,
				55533288206B848200F91354 /* Mudules */,
				5544B006206A2C160073F5FF /* Config */,
				5544B005206A2C060073F5FF /* Tools */,
				5566E9782063561400600B3E /* Protocol */,
				5566E9742063561400600B3E /* Extension */,
			);
			path = Promote;
			sourceTree = "<group>";
		};
		5566E9462062697300600B3E /* PromoteTests */ = {
			isa = PBXGroup;
			children = (
				5566E9472062697300600B3E /* PromoteTests.swift */,
				5566E9492062697300600B3E /* Info.plist */,
			);
			path = PromoteTests;
			sourceTree = "<group>";
		};
		5566E9512062697300600B3E /* PromoteUITests */ = {
			isa = PBXGroup;
			children = (
				5566E9522062697300600B3E /* PromoteUITests.swift */,
				5566E9542062697300600B3E /* Info.plist */,
			);
			path = PromoteUITests;
			sourceTree = "<group>";
		};
		5566E9742063561400600B3E /* Extension */ = {
			isa = PBXGroup;
			children = (
				5566E9752063561400600B3E /* OtherExtension */,
				5566E9762063561400600B3E /* ProtocolExtension */,
			);
			path = Extension;
			sourceTree = "<group>";
		};
		5566E9752063561400600B3E /* OtherExtension */ = {
			isa = PBXGroup;
			children = (
				555B8F822071E09C008646B5 /* String+extension.swift */,
				555B8F802071E09C008646B5 /* UIImage+extension.swift */,
				551E27EF20738C2C00A6561C /* UIView+extension.swift */,
				551E27F120738CDD00A6561C /* UIViewController+extension.swift */,
				555B8F812071E09C008646B5 /* UIFont+extension.swift */,
				5544B033206A35570073F5FF /* UIColor+extension.swift */,
				5544B037206A3EA10073F5FF /* readme.txt */,
				555CBDFE206CD45E00DECE85 /* Array+extension.swift */,
				555B8F6C2071C4C2008646B5 /* NSObject+extention.swift */,
			);
			path = OtherExtension;
			sourceTree = "<group>";
		};
		5566E9762063561400600B3E /* ProtocolExtension */ = {
			isa = PBXGroup;
			children = (
				5566E9772063561400600B3E /* PromoteProtocol+UIView.swift */,
			);
			path = ProtocolExtension;
			sourceTree = "<group>";
		};
		5566E9782063561400600B3E /* Protocol */ = {
			isa = PBXGroup;
			children = (
				5566E9792063561400600B3E /* PTAnimateProtocol.swift */,
				5566E97A2063561400600B3E /* PTBaseProtocol.swift */,
			);
			path = Protocol;
			sourceTree = "<group>";
		};
		5C16458AB298E91F70595C23 /* Frameworks */ = {
			isa = PBXGroup;
			children = (
				83752A35956096D0988FEE6E /* Pods_Promote.framework */,
			);
			name = Frameworks;
			sourceTree = "<group>";
		};
		7CA4E542C9F99EF773FF99D7 /* Pods */ = {
			isa = PBXGroup;
			children = (
				16548E874A993B320761E239 /* Pods-Promote.debug.xcconfig */,
				6DF8CD81D3906EAFFA53AD2A /* Pods-Promote.release.xcconfig */,
			);
			name = Pods;
			sourceTree = "<group>";
		};
/* End PBXGroup section */

/* Begin PBXNativeTarget section */
		5566E92E2062697300600B3E /* Promote */ = {
			isa = PBXNativeTarget;
			buildConfigurationList = 5566E9572062697300600B3E /* Build configuration list for PBXNativeTarget "Promote" */;
			buildPhases = (
				5FFE2DB3CAA06951FF123F72 /* [CP] Check Pods Manifest.lock */,
				5566E92B2062697300600B3E /* Sources */,
				5566E92C2062697300600B3E /* Frameworks */,
				5566E92D2062697300600B3E /* Resources */,
				D7EEFA13E545B175427D15DF /* [CP] Embed Pods Frameworks */,
				C78BB8C2BA53208DD3B59F8A /* [CP] Copy Pods Resources */,
			);
			buildRules = (
			);
			dependencies = (
			);
			name = Promote;
			productName = Promote;
			productReference = 5566E92F2062697300600B3E /* Promote.app */;
			productType = "com.apple.product-type.application";
		};
		5566E9422062697300600B3E /* PromoteTests */ = {
			isa = PBXNativeTarget;
			buildConfigurationList = 5566E95A2062697300600B3E /* Build configuration list for PBXNativeTarget "PromoteTests" */;
			buildPhases = (
				5566E93F2062697300600B3E /* Sources */,
				5566E9402062697300600B3E /* Frameworks */,
				5566E9412062697300600B3E /* Resources */,
			);
			buildRules = (
			);
			dependencies = (
				5566E9452062697300600B3E /* PBXTargetDependency */,
			);
			name = PromoteTests;
			productName = PromoteTests;
			productReference = 5566E9432062697300600B3E /* PromoteTests.xctest */;
			productType = "com.apple.product-type.bundle.unit-test";
		};
		5566E94D2062697300600B3E /* PromoteUITests */ = {
			isa = PBXNativeTarget;
			buildConfigurationList = 5566E95D2062697300600B3E /* Build configuration list for PBXNativeTarget "PromoteUITests" */;
			buildPhases = (
				5566E94A2062697300600B3E /* Sources */,
				5566E94B2062697300600B3E /* Frameworks */,
				5566E94C2062697300600B3E /* Resources */,
			);
			buildRules = (
			);
			dependencies = (
				5566E9502062697300600B3E /* PBXTargetDependency */,
			);
			name = PromoteUITests;
			productName = PromoteUITests;
			productReference = 5566E94E2062697300600B3E /* PromoteUITests.xctest */;
			productType = "com.apple.product-type.bundle.ui-testing";
		};
/* End PBXNativeTarget section */

/* Begin PBXProject section */
		5566E9272062697300600B3E /* Project object */ = {
			isa = PBXProject;
			attributes = {
				CLASSPREFIX = PT;
				LastSwiftUpdateCheck = 0920;
				LastUpgradeCheck = 0920;
				TargetAttributes = {
					5566E92E2062697300600B3E = {
						CreatedOnToolsVersion = 9.2;
						ProvisioningStyle = Automatic;
					};
					5566E9422062697300600B3E = {
						CreatedOnToolsVersion = 9.2;
						ProvisioningStyle = Automatic;
						TestTargetID = 5566E92E2062697300600B3E;
					};
					5566E94D2062697300600B3E = {
						CreatedOnToolsVersion = 9.2;
						ProvisioningStyle = Automatic;
						TestTargetID = 5566E92E2062697300600B3E;
					};
				};
			};
			buildConfigurationList = 5566E92A2062697300600B3E /* Build configuration list for PBXProject "Promote" */;
			compatibilityVersion = "Xcode 8.0";
			developmentRegion = en;
			hasScannedForEncodings = 0;
			knownRegions = (
				en,
				Base,
			);
			mainGroup = 5566E9262062697300600B3E;
			productRefGroup = 5566E9302062697300600B3E /* Products */;
			projectDirPath = "";
			projectRoot = "";
			targets = (
				5566E92E2062697300600B3E /* Promote */,
				5566E9422062697300600B3E /* PromoteTests */,
				5566E94D2062697300600B3E /* PromoteUITests */,
			);
		};
/* End PBXProject section */

/* Begin PBXResourcesBuildPhase section */
		5566E92D2062697300600B3E /* Resources */ = {
			isa = PBXResourcesBuildPhase;
			buildActionMask = 2147483647;
			files = (
				55533298206B84F900F91354 /* guideImage2@3x.png in Resources */,
				55533295206B84F900F91354 /* guideImage1@2x.png in Resources */,
				555B8F7D2071DF63008646B5 /* iconfont.svg in Resources */,
				555B8F7F2071DF63008646B5 /* iconfont.css in Resources */,
				55533287206B812D00F91354 /* khowledge.txt in Resources */,
				555B8F7E2071DF63008646B5 /* demo.html in Resources */,
				555B8F7A2071DF63008646B5 /* iconfont.woff in Resources */,
				55533296206B84F900F91354 /* guideImage1@3x.png in Resources */,
				5544B038206A3EA10073F5FF /* readme.txt in Resources */,
				5566E93D2062697300600B3E /* LaunchScreen.storyboard in Resources */,
				555B8F792071DF63008646B5 /* demo.css in Resources */,
				55533297206B84F900F91354 /* guideImage2@2x.png in Resources */,
				555B8F7C2071DF63008646B5 /* iconfont.ttf in Resources */,
				5566E93A2062697300600B3E /* Assets.xcassets in Resources */,
				555B8F7B2071DF63008646B5 /* iconfont.eot in Resources */,
				5566E9382062697300600B3E /* Main.storyboard in Resources */,
			);
			runOnlyForDeploymentPostprocessing = 0;
		};
		5566E9412062697300600B3E /* Resources */ = {
			isa = PBXResourcesBuildPhase;
			buildActionMask = 2147483647;
			files = (
			);
			runOnlyForDeploymentPostprocessing = 0;
		};
		5566E94C2062697300600B3E /* Resources */ = {
			isa = PBXResourcesBuildPhase;
			buildActionMask = 2147483647;
			files = (
			);
			runOnlyForDeploymentPostprocessing = 0;
		};
/* End PBXResourcesBuildPhase section */

/* Begin PBXShellScriptBuildPhase section */
		5FFE2DB3CAA06951FF123F72 /* [CP] Check Pods Manifest.lock */ = {
			isa = PBXShellScriptBuildPhase;
			buildActionMask = 2147483647;
			files = (
			);
			inputPaths = (
				"${PODS_PODFILE_DIR_PATH}/Podfile.lock",
				"${PODS_ROOT}/Manifest.lock",
			);
			name = "[CP] Check Pods Manifest.lock";
			outputPaths = (
				"$(DERIVED_FILE_DIR)/Pods-Promote-checkManifestLockResult.txt",
			);
			runOnlyForDeploymentPostprocessing = 0;
			shellPath = /bin/sh;
			shellScript = "diff \"${PODS_PODFILE_DIR_PATH}/Podfile.lock\" \"${PODS_ROOT}/Manifest.lock\" > /dev/null\nif [ $? != 0 ] ; then\n    # print error to STDERR\n    echo \"error: The sandbox is not in sync with the Podfile.lock. Run 'pod install' or update your CocoaPods installation.\" >&2\n    exit 1\nfi\n# This output is used by Xcode 'outputs' to avoid re-running this script phase.\necho \"SUCCESS\" > \"${SCRIPT_OUTPUT_FILE_0}\"\n";
			showEnvVarsInLog = 0;
		};
		C78BB8C2BA53208DD3B59F8A /* [CP] Copy Pods Resources */ = {
			isa = PBXShellScriptBuildPhase;
			buildActionMask = 2147483647;
			files = (
			);
			inputPaths = (
			);
			name = "[CP] Copy Pods Resources";
			outputPaths = (
			);
			runOnlyForDeploymentPostprocessing = 0;
			shellPath = /bin/sh;
			shellScript = "\"${SRCROOT}/Pods/Target Support Files/Pods-Promote/Pods-Promote-resources.sh\"\n";
			showEnvVarsInLog = 0;
		};
		D7EEFA13E545B175427D15DF /* [CP] Embed Pods Frameworks */ = {
			isa = PBXShellScriptBuildPhase;
			buildActionMask = 2147483647;
			files = (
			);
			inputPaths = (
				"${SRCROOT}/Pods/Target Support Files/Pods-Promote/Pods-Promote-frameworks.sh",
				"${BUILT_PRODUCTS_DIR}/Alamofire/Alamofire.framework",
				"${BUILT_PRODUCTS_DIR}/Cartography/Cartography.framework",
				"${BUILT_PRODUCTS_DIR}/PKHUD/PKHUD.framework",
				"${BUILT_PRODUCTS_DIR}/RxCocoa/RxCocoa.framework",
				"${BUILT_PRODUCTS_DIR}/RxSwift/RxSwift.framework",
			);
			name = "[CP] Embed Pods Frameworks";
			outputPaths = (
				"${TARGET_BUILD_DIR}/${FRAMEWORKS_FOLDER_PATH}/Alamofire.framework",
				"${TARGET_BUILD_DIR}/${FRAMEWORKS_FOLDER_PATH}/Cartography.framework",
				"${TARGET_BUILD_DIR}/${FRAMEWORKS_FOLDER_PATH}/PKHUD.framework",
				"${TARGET_BUILD_DIR}/${FRAMEWORKS_FOLDER_PATH}/RxCocoa.framework",
				"${TARGET_BUILD_DIR}/${FRAMEWORKS_FOLDER_PATH}/RxSwift.framework",
			);
			runOnlyForDeploymentPostprocessing = 0;
			shellPath = /bin/sh;
			shellScript = "\"${SRCROOT}/Pods/Target Support Files/Pods-Promote/Pods-Promote-frameworks.sh\"\n";
			showEnvVarsInLog = 0;
		};
/* End PBXShellScriptBuildPhase section */

/* Begin PBXSourcesBuildPhase section */
		5566E92B2062697300600B3E /* Sources */ = {
			isa = PBXSourcesBuildPhase;
			buildActionMask = 2147483647;
			files = (
				5544B02A206A30D90073F5FF /* PTBankCardTextField.swift in Sources */,
				5544B025206A30D90073F5FF /* PTTabBarController.swift in Sources */,
				555D7BCE2068A80B0096CB50 /* PTModel.swift in Sources */,
				555B8F8C207201F8008646B5 /* PTOtherViewController.swift in Sources */,
				555CBDFD206CD3E700DECE85 /* PTTest.swift in Sources */,
				5544B027206A30D90073F5FF /* PTBaseXibViewController.swift in Sources */,
				555B8F852071E09C008646B5 /* String+extension.swift in Sources */,
				5544B02E206A30FC0073F5FF /* Config.swift in Sources */,
				5566E9352062697300600B3E /* ViewController.swift in Sources */,
				5553327F206B313E00F91354 /* PTBaseViewController.swift in Sources */,
				551E27F420738F2500A6561C /* PTTitleScroller.swift in Sources */,
				551E27F020738C2C00A6561C /* UIView+extension.swift in Sources */,
				5544AFF9206A21B10073F5FF /* PTLoginViewController.swift in Sources */,
				5544B026206A30D90073F5FF /* PTPhoneTextField.swift in Sources */,
				5544B024206A30D90073F5FF /* PTBaseTableViewController.swift in Sources */,
				555B8F832071E09C008646B5 /* UIImage+extension.swift in Sources */,
				555431C3206E1F2400CC2CC0 /* PTFunction.swift in Sources */,
				551E27F9207391E600A6561C /* PTTitleScrollerCell.swift in Sources */,
				555B8F842071E09C008646B5 /* UIFont+extension.swift in Sources */,
				555431BC206DD27100CC2CC0 /* PTError.swift in Sources */,
				551E27F7207391C000A6561C /* PTTitleScrollerCollectionView.swift in Sources */,
				5566E9332062697300600B3E /* AppDelegate.swift in Sources */,
				5566E97B2063561400600B3E /* PromoteProtocol+UIView.swift in Sources */,
				551E27F220738CDD00A6561C /* UIViewController+extension.swift in Sources */,
				555B8F8E20720202008646B5 /* PTMyViewController.swift in Sources */,
				5544B028206A30D90073F5FF /* PTHUD.swift in Sources */,
				5544B002206A22F80073F5FF /* PTLoginModel.swift in Sources */,
				5566E97D2063561400600B3E /* PTBaseProtocol.swift in Sources */,
				5544B029206A30D90073F5FF /* PTCaptchaButton.swift in Sources */,
				555B8F8A207201ED008646B5 /* PTHomeViewController.swift in Sources */,
				555CBDFF206CD45E00DECE85 /* Array+extension.swift in Sources */,
				5544B034206A35570073F5FF /* UIColor+extension.swift in Sources */,
				5544B004206A23070073F5FF /* PTLoginViewModel.swift in Sources */,
				555B8F6D2071C4C2008646B5 /* NSObject+extention.swift in Sources */,
				5544B032206A323C0073F5FF /* PTMsgLabel.swift in Sources */,
				5566E97C2063561400600B3E /* PTAnimateProtocol.swift in Sources */,
				5544B02D206A30FC0073F5FF /* Const.swift in Sources */,
				5553328B206B84A600F91354 /* PTGuideViewController.swift in Sources */,
				5544B03D206A41960073F5FF /* PTOCReference.swift in Sources */,
			);
			runOnlyForDeploymentPostprocessing = 0;
		};
		5566E93F2062697300600B3E /* Sources */ = {
			isa = PBXSourcesBuildPhase;
			buildActionMask = 2147483647;
			files = (
				5566E9482062697300600B3E /* PromoteTests.swift in Sources */,
			);
			runOnlyForDeploymentPostprocessing = 0;
		};
		5566E94A2062697300600B3E /* Sources */ = {
			isa = PBXSourcesBuildPhase;
			buildActionMask = 2147483647;
			files = (
				5566E9532062697300600B3E /* PromoteUITests.swift in Sources */,
			);
			runOnlyForDeploymentPostprocessing = 0;
		};
/* End PBXSourcesBuildPhase section */

/* Begin PBXTargetDependency section */
		5566E9452062697300600B3E /* PBXTargetDependency */ = {
			isa = PBXTargetDependency;
			target = 5566E92E2062697300600B3E /* Promote */;
			targetProxy = 5566E9442062697300600B3E /* PBXContainerItemProxy */;
		};
		5566E9502062697300600B3E /* PBXTargetDependency */ = {
			isa = PBXTargetDependency;
			target = 5566E92E2062697300600B3E /* Promote */;
			targetProxy = 5566E94F2062697300600B3E /* PBXContainerItemProxy */;
		};
/* End PBXTargetDependency section */

/* Begin PBXVariantGroup section */
		5566E9362062697300600B3E /* Main.storyboard */ = {
			isa = PBXVariantGroup;
			children = (
				5566E9372062697300600B3E /* Base */,
			);
			name = Main.storyboard;
			sourceTree = "<group>";
		};
		5566E93B2062697300600B3E /* LaunchScreen.storyboard */ = {
			isa = PBXVariantGroup;
			children = (
				5566E93C2062697300600B3E /* Base */,
			);
			name = LaunchScreen.storyboard;
			sourceTree = "<group>";
		};
/* End PBXVariantGroup section */

/* Begin XCBuildConfiguration section */
		5566E9552062697300600B3E /* Debug */ = {
			isa = XCBuildConfiguration;
			buildSettings = {
				ALWAYS_SEARCH_USER_PATHS = NO;
				CLANG_ANALYZER_NONNULL = YES;
				CLANG_ANALYZER_NUMBER_OBJECT_CONVERSION = YES_AGGRESSIVE;
				CLANG_CXX_LANGUAGE_STANDARD = "gnu++14";
				CLANG_CXX_LIBRARY = "libc++";
				CLANG_ENABLE_MODULES = YES;
				CLANG_ENABLE_OBJC_ARC = YES;
				CLANG_WARN_BLOCK_CAPTURE_AUTORELEASING = YES;
				CLANG_WARN_BOOL_CONVERSION = YES;
				CLANG_WARN_COMMA = YES;
				CLANG_WARN_CONSTANT_CONVERSION = YES;
				CLANG_WARN_DIRECT_OBJC_ISA_USAGE = YES_ERROR;
				CLANG_WARN_DOCUMENTATION_COMMENTS = YES;
				CLANG_WARN_EMPTY_BODY = YES;
				CLANG_WARN_ENUM_CONVERSION = YES;
				CLANG_WARN_INFINITE_RECURSION = YES;
				CLANG_WARN_INT_CONVERSION = YES;
				CLANG_WARN_NON_LITERAL_NULL_CONVERSION = YES;
				CLANG_WARN_OBJC_LITERAL_CONVERSION = YES;
				CLANG_WARN_OBJC_ROOT_CLASS = YES_ERROR;
				CLANG_WARN_RANGE_LOOP_ANALYSIS = YES;
				CLANG_WARN_STRICT_PROTOTYPES = YES;
				CLANG_WARN_SUSPICIOUS_MOVE = YES;
				CLANG_WARN_UNGUARDED_AVAILABILITY = YES_AGGRESSIVE;
				CLANG_WARN_UNREACHABLE_CODE = YES;
				CLANG_WARN__DUPLICATE_METHOD_MATCH = YES;
				CODE_SIGN_IDENTITY = "iPhone Developer";
				COPY_PHASE_STRIP = NO;
				DEBUG_INFORMATION_FORMAT = "dwarf-with-dsym";
				ENABLE_STRICT_OBJC_MSGSEND = YES;
				ENABLE_TESTABILITY = YES;
				GCC_C_LANGUAGE_STANDARD = gnu11;
				GCC_DYNAMIC_NO_PIC = NO;
				GCC_NO_COMMON_BLOCKS = YES;
				GCC_OPTIMIZATION_LEVEL = 0;
				GCC_PREPROCESSOR_DEFINITIONS = (
					"DEBUG=1",
					"$(inherited)",
				);
				GCC_WARN_64_TO_32_BIT_CONVERSION = YES;
				GCC_WARN_ABOUT_RETURN_TYPE = YES_ERROR;
				GCC_WARN_UNDECLARED_SELECTOR = YES;
				GCC_WARN_UNINITIALIZED_AUTOS = YES_AGGRESSIVE;
				GCC_WARN_UNUSED_FUNCTION = YES;
				GCC_WARN_UNUSED_VARIABLE = YES;
				IPHONEOS_DEPLOYMENT_TARGET = 11.0;
				MTL_ENABLE_DEBUG_INFO = YES;
				ONLY_ACTIVE_ARCH = YES;
				SDKROOT = iphoneos;
				SWIFT_ACTIVE_COMPILATION_CONDITIONS = DEBUG;
				SWIFT_OPTIMIZATION_LEVEL = "-Onone";
			};
			name = Debug;
		};
		5566E9562062697300600B3E /* Release */ = {
			isa = XCBuildConfiguration;
			buildSettings = {
				ALWAYS_SEARCH_USER_PATHS = NO;
				CLANG_ANALYZER_NONNULL = YES;
				CLANG_ANALYZER_NUMBER_OBJECT_CONVERSION = YES_AGGRESSIVE;
				CLANG_CXX_LANGUAGE_STANDARD = "gnu++14";
				CLANG_CXX_LIBRARY = "libc++";
				CLANG_ENABLE_MODULES = YES;
				CLANG_ENABLE_OBJC_ARC = YES;
				CLANG_WARN_BLOCK_CAPTURE_AUTORELEASING = YES;
				CLANG_WARN_BOOL_CONVERSION = YES;
				CLANG_WARN_COMMA = YES;
				CLANG_WARN_CONSTANT_CONVERSION = YES;
				CLANG_WARN_DIRECT_OBJC_ISA_USAGE = YES_ERROR;
				CLANG_WARN_DOCUMENTATION_COMMENTS = YES;
				CLANG_WARN_EMPTY_BODY = YES;
				CLANG_WARN_ENUM_CONVERSION = YES;
				CLANG_WARN_INFINITE_RECURSION = YES;
				CLANG_WARN_INT_CONVERSION = YES;
				CLANG_WARN_NON_LITERAL_NULL_CONVERSION = YES;
				CLANG_WARN_OBJC_LITERAL_CONVERSION = YES;
				CLANG_WARN_OBJC_ROOT_CLASS = YES_ERROR;
				CLANG_WARN_RANGE_LOOP_ANALYSIS = YES;
				CLANG_WARN_STRICT_PROTOTYPES = YES;
				CLANG_WARN_SUSPICIOUS_MOVE = YES;
				CLANG_WARN_UNGUARDED_AVAILABILITY = YES_AGGRESSIVE;
				CLANG_WARN_UNREACHABLE_CODE = YES;
				CLANG_WARN__DUPLICATE_METHOD_MATCH = YES;
				CODE_SIGN_IDENTITY = "iPhone Developer";
				COPY_PHASE_STRIP = NO;
				DEBUG_INFORMATION_FORMAT = "dwarf-with-dsym";
				ENABLE_NS_ASSERTIONS = NO;
				ENABLE_STRICT_OBJC_MSGSEND = YES;
				GCC_C_LANGUAGE_STANDARD = gnu11;
				GCC_NO_COMMON_BLOCKS = YES;
				GCC_WARN_64_TO_32_BIT_CONVERSION = YES;
				GCC_WARN_ABOUT_RETURN_TYPE = YES_ERROR;
				GCC_WARN_UNDECLARED_SELECTOR = YES;
				GCC_WARN_UNINITIALIZED_AUTOS = YES_AGGRESSIVE;
				GCC_WARN_UNUSED_FUNCTION = YES;
				GCC_WARN_UNUSED_VARIABLE = YES;
				IPHONEOS_DEPLOYMENT_TARGET = 11.0;
				MTL_ENABLE_DEBUG_INFO = NO;
				SDKROOT = iphoneos;
				SWIFT_OPTIMIZATION_LEVEL = "-Owholemodule";
				VALIDATE_PRODUCT = YES;
			};
			name = Release;
		};
		5566E9582062697300600B3E /* Debug */ = {
			isa = XCBuildConfiguration;
			baseConfigurationReference = 16548E874A993B320761E239 /* Pods-Promote.debug.xcconfig */;
			buildSettings = {
				ASSETCATALOG_COMPILER_APPICON_NAME = AppIcon;
				CODE_SIGN_STYLE = Automatic;
				INFOPLIST_FILE = Promote/Info.plist;
				LD_RUNPATH_SEARCH_PATHS = "$(inherited) @executable_path/Frameworks";
				PRODUCT_BUNDLE_IDENTIFIER = com.zjn.www.Promote;
				PRODUCT_NAME = "$(TARGET_NAME)";
				SWIFT_VERSION = 4.0;
				TARGETED_DEVICE_FAMILY = "1,2";
			};
			name = Debug;
		};
		5566E9592062697300600B3E /* Release */ = {
			isa = XCBuildConfiguration;
			baseConfigurationReference = 6DF8CD81D3906EAFFA53AD2A /* Pods-Promote.release.xcconfig */;
			buildSettings = {
				ASSETCATALOG_COMPILER_APPICON_NAME = AppIcon;
				CODE_SIGN_STYLE = Automatic;
				INFOPLIST_FILE = Promote/Info.plist;
				LD_RUNPATH_SEARCH_PATHS = "$(inherited) @executable_path/Frameworks";
				PRODUCT_BUNDLE_IDENTIFIER = com.zjn.www.Promote;
				PRODUCT_NAME = "$(TARGET_NAME)";
				SWIFT_VERSION = 4.0;
				TARGETED_DEVICE_FAMILY = "1,2";
			};
			name = Release;
		};
		5566E95B2062697300600B3E /* Debug */ = {
			isa = XCBuildConfiguration;
			buildSettings = {
				ALWAYS_EMBED_SWIFT_STANDARD_LIBRARIES = YES;
				BUNDLE_LOADER = "$(TEST_HOST)";
				CODE_SIGN_STYLE = Automatic;
				INFOPLIST_FILE = PromoteTests/Info.plist;
				LD_RUNPATH_SEARCH_PATHS = "$(inherited) @executable_path/Frameworks @loader_path/Frameworks";
				PRODUCT_BUNDLE_IDENTIFIER = com.zjn.www.PromoteTests;
				PRODUCT_NAME = "$(TARGET_NAME)";
				SWIFT_VERSION = 4.0;
				TARGETED_DEVICE_FAMILY = "1,2";
				TEST_HOST = "$(BUILT_PRODUCTS_DIR)/Promote.app/Promote";
			};
			name = Debug;
		};
		5566E95C2062697300600B3E /* Release */ = {
			isa = XCBuildConfiguration;
			buildSettings = {
				ALWAYS_EMBED_SWIFT_STANDARD_LIBRARIES = YES;
				BUNDLE_LOADER = "$(TEST_HOST)";
				CODE_SIGN_STYLE = Automatic;
				INFOPLIST_FILE = PromoteTests/Info.plist;
				LD_RUNPATH_SEARCH_PATHS = "$(inherited) @executable_path/Frameworks @loader_path/Frameworks";
				PRODUCT_BUNDLE_IDENTIFIER = com.zjn.www.PromoteTests;
				PRODUCT_NAME = "$(TARGET_NAME)";
				SWIFT_VERSION = 4.0;
				TARGETED_DEVICE_FAMILY = "1,2";
				TEST_HOST = "$(BUILT_PRODUCTS_DIR)/Promote.app/Promote";
			};
			name = Release;
		};
		5566E95E2062697300600B3E /* Debug */ = {
			isa = XCBuildConfiguration;
			buildSettings = {
				ALWAYS_EMBED_SWIFT_STANDARD_LIBRARIES = YES;
				CODE_SIGN_STYLE = Automatic;
				INFOPLIST_FILE = PromoteUITests/Info.plist;
				LD_RUNPATH_SEARCH_PATHS = "$(inherited) @executable_path/Frameworks @loader_path/Frameworks";
				PRODUCT_BUNDLE_IDENTIFIER = com.zjn.www.PromoteUITests;
				PRODUCT_NAME = "$(TARGET_NAME)";
				SWIFT_VERSION = 4.0;
				TARGETED_DEVICE_FAMILY = "1,2";
				TEST_TARGET_NAME = Promote;
			};
			name = Debug;
		};
		5566E95F2062697300600B3E /* Release */ = {
			isa = XCBuildConfiguration;
			buildSettings = {
				ALWAYS_EMBED_SWIFT_STANDARD_LIBRARIES = YES;
				CODE_SIGN_STYLE = Automatic;
				INFOPLIST_FILE = PromoteUITests/Info.plist;
				LD_RUNPATH_SEARCH_PATHS = "$(inherited) @executable_path/Frameworks @loader_path/Frameworks";
				PRODUCT_BUNDLE_IDENTIFIER = com.zjn.www.PromoteUITests;
				PRODUCT_NAME = "$(TARGET_NAME)";
				SWIFT_VERSION = 4.0;
				TARGETED_DEVICE_FAMILY = "1,2";
				TEST_TARGET_NAME = Promote;
			};
			name = Release;
		};
/* End XCBuildConfiguration section */

/* Begin XCConfigurationList section */
		5566E92A2062697300600B3E /* Build configuration list for PBXProject "Promote" */ = {
			isa = XCConfigurationList;
			buildConfigurations = (
				5566E9552062697300600B3E /* Debug */,
				5566E9562062697300600B3E /* Release */,
			);
			defaultConfigurationIsVisible = 0;
			defaultConfigurationName = Release;
		};
		5566E9572062697300600B3E /* Build configuration list for PBXNativeTarget "Promote" */ = {
			isa = XCConfigurationList;
			buildConfigurations = (
				5566E9582062697300600B3E /* Debug */,
				5566E9592062697300600B3E /* Release */,
			);
			defaultConfigurationIsVisible = 0;
			defaultConfigurationName = Release;
		};
		5566E95A2062697300600B3E /* Build configuration list for PBXNativeTarget "PromoteTests" */ = {
			isa = XCConfigurationList;
			buildConfigurations = (
				5566E95B2062697300600B3E /* Debug */,
				5566E95C2062697300600B3E /* Release */,
			);
			defaultConfigurationIsVisible = 0;
			defaultConfigurationName = Release;
		};
		5566E95D2062697300600B3E /* Build configuration list for PBXNativeTarget "PromoteUITests" */ = {
			isa = XCConfigurationList;
			buildConfigurations = (
				5566E95E2062697300600B3E /* Debug */,
				5566E95F2062697300600B3E /* Release */,
			);
			defaultConfigurationIsVisible = 0;
			defaultConfigurationName = Release;
		};
/* End XCConfigurationList section */
	};
	rootObject = 5566E9272062697300600B3E /* Project object */;
}
